// !$*UTF8*$!
{
	archiveVersion = 1;
	classes = {
	};
	objectVersion = 46;
	objects = {

/* Begin PBXGroup section */
		098DF15516B7272D0041D4AC = {
			isa = PBXGroup;
			children = (
			);
			sourceTree = "<group>";
		};
/* End PBXGroup section */

/* Begin PBXProject section */
		098DF15716B7272D0041D4AC /* Project object */ = {
			isa = PBXProject;
			attributes = {
				LastUpgradeCheck = 0450;
			};
			buildConfigurationList = 098DF15A16B7272D0041D4AC /* Build configuration list for PBXProject "HTML5-Hardcoded-Framework" */;
			compatibilityVersion = "Xcode 3.2";
			developmentRegion = English;
			hasScannedForEncodings = 0;
			knownRegions = (
				en,
			);
			mainGroup = 098DF15516B7272D0041D4AC;
			projectDirPath = "";
			projectRoot = "";
			targets = (
			);
		};
/* End PBXProject section */

/* Begin XCBuildConfiguration section */
		098DF15C16B7272D0041D4AC /* Debug */ = {
			isa = XCBuildConfiguration;
			buildSettings = {
			};
			name = Debug;
		};
		098DF15D16B7272D0041D4AC /* Release */ = {
			isa = XCBuildConfiguration;
			buildSettings = {
			};
			name = Release;
		};
/* End XCBuildConfiguration section */

/* Begin XCConfigurationList section */
		098DF15A16B7272D0041D4AC /* Build configuration list for PBXProject "HTML5-Hardcoded-Framework" */ = {
			isa = XCConfigurationList;
			buildConfigurations = (
				098DF15C16B7272D0041D4AC /* Debug */,
				098DF15D16B7272D0041D4AC /* Release */,
			);
			defaultConfigurationIsVisible = 0;
			defaultConfigurationName = Release;
		};
/* End XCConfigurationList section */
	};
	rootObject = 098DF15716B7272D0041D4AC /* Project object */;
}
